<?xml version="1.0" encoding="utf-8"?>
<Project ToolsVersion="4.0" xmlns="http://schemas.microsoft.com/developer/msbuild/2003">
  <ItemGroup>
    <Filter Include="Source Files">
      <UniqueIdentifier>{4FC737F1-C7A5-4376-A066-2A32D752A2FF}</UniqueIdentifier>
      <Extensions>cpp;c;cc;cxx;def;odl;idl;hpj;bat;asm;asmx</Extensions>
    </Filter>
    <Filter Include="Header Files">
      <UniqueIdentifier>{93995380-89BD-4b04-88EB-625FBE52EBFB}</UniqueIdentifier>
      <Extensions>h;hh;hpp;hxx;hm;inl;inc;xsd</Extensions>
    </Filter>
    <Filter Include="Resource Files">
      <UniqueIdentifier>{67DA6AB6-F800-4c08-8B7A-83BB121AAD01}</UniqueIdentifier>
      <Extensions>rc;ico;cur;bmp;dlg;rc2;rct;bin;rgs;gif;jpg;jpeg;jpe;resx;tiff;tif;png;wav</Extensions>
    </Filter>
  </ItemGroup>
  <ItemGroup>
    <ClInclude Include="..\src\warp_pack8.comp.hex.h">
      <Filter>Header Files</Filter>
    </ClInclude>
    <ClInclude Include="..\src\warp_pack4.comp.hex.h">
      <Filter>Header Files</Filter>
    </ClInclude>
    <ClInclude Include="..\src\warp.comp.hex.h">
      <Filter>Header Files</Filter>
    </ClInclude>
    <ClInclude Include="..\src\rife_v4_timestep.comp.hex.h">
      <Filter>Header Files</Filter>
    </ClInclude>
    <ClInclude Include="..\src\rife_v2_flow_tta_temporal_avg.comp.hex.h">
      <Filter>Header Files</Filter>
    </ClInclude>
    <ClInclude Include="..\src\rife_v2_flow_tta_avg.comp.hex.h">
      <Filter>Header Files</Filter>
    </ClInclude>
    <ClInclude Include="..\src\rife_preproc_tta.comp.hex.h">
      <Filter>Header Files</Filter>
    </ClInclude>
    <ClInclude Include="..\src\rife_preproc.comp.hex.h">
      <Filter>Header Files</Filter>
    </ClInclude>
    <ClInclude Include="..\src\rife_postproc_tta.comp.hex.h">
      <Filter>Header Files</Filter>
    </ClInclude>
    <ClInclude Include="..\src\rife_postproc.comp.hex.h">
      <Filter>Header Files</Filter>
    </ClInclude>
    <ClInclude Include="..\src\rife_out_tta_temporal_avg.comp.hex.h">
      <Filter>Header Files</Filter>
    </ClInclude>
    <ClInclude Include="..\src\rife_ops.h">
      <Filter>Header Files</Filter>
    </ClInclude>
    <ClInclude Include="..\src\rife_flow_tta_temporal_avg.comp.hex.h">
      <Filter>Header Files</Filter>
    </ClInclude>
    <ClInclude Include="..\src\rife_flow_tta_avg.comp.hex.h">
      <Filter>Header Files</Filter>
    </ClInclude>
    <ClInclude Include="..\src\rife.h">
      <Filter>Header Files</Filter>
    </ClInclude>
  </ItemGroup>
  <ItemGroup>
    <ClCompile Include="..\src\warp.cpp">
      <Filter>Source Files</Filter>
    </ClCompile>
    <ClCompile Include="..\src\rife.cpp">
      <Filter>Source Files</Filter>
    </ClCompile>
    <ClCompile Include="..\src\plugin.cpp">
      <Filter>Source Files</Filter>
    </ClCompile>
  </ItemGroup>
  <ItemGroup>
    <ResourceCompile Include="..\src\rife.rc">
      <Filter>Resource Files</Filter>
    </ResourceCompile>
  </ItemGroup>
</Project>